{
    "name": "emeraldmike",
    "version": "1.0.0-dev",
    "lockfileVersion": 2,
    "requires": true,
    "packages": {
        "": {
            "name": "emeraldmike",
            "version": "1.0.0-dev",
            "dependencies": {
                "@skylixgh/nitrojs-cli": "../../packages/nitrojs-cli",
                "@skylixgh/nitrojs-config-tools": "../../packages/nitrojs-config-tools",
                "@skylixgh/nitrojs-terminal": "../../packages/nitrojs-terminal"
            },
            "devDependencies": {
                "typescript": "4.5.4"
            }
        },
        "../../packages/nitrojs-cli": {
            "name": "@skylixgh/nitrojs-cli",
            "version": "1.0.0-dev.6",
            "license": "MIT",
            "dependencies": {
                "@pobedit/package-name-parser": "^1.0.0",
                "@skylixgh/nitrojs-cli-builder": "1.0.0-dev.6",
                "@skylixgh/nitrojs-config-tools": "1.0.0-dev.6",
                "@skylixgh/nitrojs-terminal": "1.0.0-dev.6",
                "chokidar": "^3.5.2",
                "fs-extra": "^10.0.0",
                "semver": "^7.3.5",
                "ts-node": "^10.4.0"
            },
            "bin": {
                "nitrojs": "bin/main.js",
                "nitrojs-dev": "bin/tsMain.js"
            },
            "devDependencies": {
                "@types/fs-extra": "^9.0.13",
                "@types/semver": "^7.3.9",
                "typescript": "^4.5.4"
            }
        },
        "../../packages/nitrojs-cli-tools": {
            "extraneous": true
        },
        "../../packages/nitrojs-config-tools": {
            "version": "1.0.0-dev.6",
            "license": "MIT",
            "dependencies": {
                "@skylixgh/nitrojs-object-tools": "1.0.0-dev.6",
                "@types/comment-json": "^2.4.2",
                "comment-json": "^4.1.1",
                "fs-extra": "^10.0.0",
                "ts-node": "^10.4.0",
                "yaml": "^1.10.2"
            },
            "devDependencies": {
                "@types/fs-extra": "^9.0.13",
                "@types/yaml": "^1.9.7",
                "typescript": "^4.5.4"
            }
        },
        "../../packages/nitrojs-terminal": {
            "name": "@skylixgh/nitrojs-terminal",
            "version": "1.0.0-dev.6",
            "license": "MIT",
            "dependencies": {
                "chalk": "4.1.2",
                "fs-extra": "^10.0.0",
                "luxon": "^2.3.0",
                "moment": "^2.29.1",
                "strip-ansi": "^5.2.0"
            },
            "devDependencies": {
                "@types/fs-extra": "^9.0.13",
                "@types/luxon": "^2.0.9",
                "typescript": "^4.5.4"
            }
        },
        "node_modules/@skylixgh/nitrojs-cli": {
            "resolved": "../../packages/nitrojs-cli",
            "link": true
        },
        "node_modules/@skylixgh/nitrojs-config-tools": {
            "resolved": "../../packages/nitrojs-config-tools",
            "link": true
        },
        "node_modules/@skylixgh/nitrojs-terminal": {
            "resolved": "../../packages/nitrojs-terminal",
            "link": true
        },
        "node_modules/typescript": {
            "version": "4.5.4",
            "resolved": "https://registry.npmjs.org/typescript/-/typescript-4.5.4.tgz",
            "integrity": "sha512-VgYs2A2QIRuGphtzFV7aQJduJ2gyfTljngLzjpfW9FoYZF6xuw1W0vW9ghCKLfcWrCFxK81CSGRAvS1pn4fIUg==",
            "dev": true,
            "bin": {
                "tsc": "bin/tsc",
                "tsserver": "bin/tsserver"
            },
            "engines": {
                "node": ">=4.2.0"
            }
        }
    },
    "dependencies": {
        "@skylixgh/nitrojs-cli": {
            "version": "file:../../packages/nitrojs-cli",
            "requires": {
                "@pobedit/package-name-parser": "^1.0.0",
                "@skylixgh/nitrojs-cli-builder": "1.0.0-dev.6",
                "@skylixgh/nitrojs-config-tools": "1.0.0-dev.6",
                "@skylixgh/nitrojs-terminal": "1.0.0-dev.6",
                "@types/fs-extra": "^9.0.13",
                "@types/semver": "^7.3.9",
                "chokidar": "^3.5.2",
                "fs-extra": "^10.0.0",
                "semver": "^7.3.5",
                "ts-node": "^10.4.0",
                "typescript": "^4.5.4"
            }
        },
        "@skylixgh/nitrojs-config-tools": {
            "version": "file:../../packages/nitrojs-config-tools",
            "requires": {
                "@skylixgh/nitrojs-object-tools": "1.0.0-dev.6",
                "@types/comment-json": "^2.4.2",
                "@types/fs-extra": "^9.0.13",
                "@types/yaml": "^1.9.7",
                "comment-json": "^4.1.1",
                "fs-extra": "^10.0.0",
                "ts-node": "^10.4.0",
                "typescript": "^4.5.4",
                "yaml": "^1.10.2"
            }
        },
        "@skylixgh/nitrojs-terminal": {
            "version": "file:../../packages/nitrojs-terminal",
            "requires": {
                "@types/fs-extra": "^9.0.13",
                "@types/luxon": "^2.0.9",
                "chalk": "4.1.2",
                "fs-extra": "^10.0.0",
                "luxon": "^2.3.0",
                "moment": "^2.29.1",
                "strip-ansi": "^5.2.0",
                "typescript": "^4.5.4"
            }
        },
        "typescript": {
            "version": "4.5.4",
            "resolved": "https://registry.npmjs.org/typescript/-/typescript-4.5.4.tgz",
            "integrity": "sha512-VgYs2A2QIRuGphtzFV7aQJduJ2gyfTljngLzjpfW9FoYZF6xuw1W0vW9ghCKLfcWrCFxK81CSGRAvS1pn4fIUg==",
            "dev": true
        }
    }
}
