{
    "name": "@skylixgh/nitrojs-_-tcp-node-_-test",
    "version": "1.0.0",
    "lockfileVersion": 2,
    "requires": true,
    "packages": {
        "": {
            "name": "@skylixgh/nitrojs-_-tcp-node-_-test",
            "version": "1.0.0",
            "license": "MIT",
            "dependencies": {
                "@skylixgh/nitrojs-tcp-node": "file:../../../packages/nitrojs-tcp-node"
            },
            "devDependencies": {
                "@skylixgh/nitrojs-cli": "file:../../../packages/nitrojs-cli"
            }
        },
        "../../../packages/nitrojs-cli": {
            "name": "@skylixgh/nitrojs-cli",
            "version": "2.0.0-dev.3",
            "dev": true,
            "license": "MIT",
            "dependencies": {
                "@skylixgh/nitrojs-terminal": "2.0.0-dev.3",
                "@types/fs-extra": "^9.0.13",
                "chokidar": "^3.5.3",
                "commander": "^8.3.0",
                "deepmerge": "^4.2.2",
                "fs-extra": "^10.0.0",
                "ini": "^2.0.0",
                "semver": "^7.3.5",
                "source-map-support": "^0.5.21",
                "terser": "^5.10.0",
                "tree-kill": "1.2.2",
                "typescript": "^4.5.5"
            },
            "bin": {
                "nitrojs": "build/bin/Binary.js"
            },
            "devDependencies": {
                "@types/ini": "^1.3.31",
                "@types/semver": "^7.3.9",
                "type-fest": "^2.10.0"
            }
        },
        "../../../packages/nitrojs-tcp-node": {
            "version": "2.0.0-dev.3",
            "license": "MIT"
        },
        "node_modules/@skylixgh/nitrojs-cli": {
            "resolved": "../../../packages/nitrojs-cli",
            "link": true
        },
        "node_modules/@skylixgh/nitrojs-tcp-node": {
            "resolved": "../../../packages/nitrojs-tcp-node",
            "link": true
        }
    },
    "dependencies": {
        "@skylixgh/nitrojs-cli": {
            "version": "file:../../../packages/nitrojs-cli",
            "requires": {
                "@skylixgh/nitrojs-terminal": "2.0.0-dev.3",
                "@types/fs-extra": "^9.0.13",
                "@types/ini": "^1.3.31",
                "@types/semver": "^7.3.9",
                "chokidar": "^3.5.3",
                "commander": "^8.3.0",
                "deepmerge": "^4.2.2",
                "fs-extra": "^10.0.0",
                "ini": "^2.0.0",
                "semver": "^7.3.5",
                "source-map-support": "^0.5.21",
                "terser": "^5.10.0",
                "tree-kill": "1.2.2",
                "type-fest": "^2.10.0",
                "typescript": "^4.5.5"
            }
        },
        "@skylixgh/nitrojs-tcp-node": {
            "version": "file:../../../packages/nitrojs-tcp-node"
        }
    }
}
